
Microsoft Visual Studio Solution File, Format Version 12.00
# Visual Studio Version 16
VisualStudioVersion = 16.0.31019.35
MinimumVisualStudioVersion = 10.0.40219.1
Project("{2150E333-8FDC-42A3-9474-1A3956D46DE8}") = "src", "src", "{BC97309E-560C-4DFB-BDE4-342576B66706}"
EndProject
Project("{9A19103F-16F7-4668-BE54-9A1E7A4F7556}") = "WeatherForecastApp.API", "src\WeatherForecastApp.API\WeatherForecastApp.API.csproj", "{C28226D8-9EE6-4F56-983C-701601FF2F66}"
EndProject
Project("{FAE04EC0-301F-11D3-BF4B-00C04F79EFBC}") = "WeatherConsole", "WeatherConsole\WeatherConsole.csproj", "{8CC87506-2195-4FA9-8E34-955609E059BC}"
EndProject
Project("{FAE04EC0-301F-11D3-BF4B-00C04F79EFBC}") = "WorkerService", "WorkerService\WorkerService.csproj", "{5A4FC938-ABAB-4B80-B046-641C4E94BD13}"
EndProject
Global
	GlobalSection(SolutionConfigurationPlatforms) = preSolution
		Debug|Any CPU = Debug|Any CPU
		Release|Any CPU = Release|Any CPU
	EndGlobalSection
	GlobalSection(ProjectConfigurationPlatforms) = postSolution
		{C28226D8-9EE6-4F56-983C-701601FF2F66}.Debug|Any CPU.ActiveCfg = Debug|Any CPU
		{C28226D8-9EE6-4F56-983C-701601FF2F66}.Debug|Any CPU.Build.0 = Debug|Any CPU
		{C28226D8-9EE6-4F56-983C-701601FF2F66}.Release|Any CPU.ActiveCfg = Release|Any CPU
		{C28226D8-9EE6-4F56-983C-701601FF2F66}.Release|Any CPU.Build.0 = Release|Any CPU
		{8CC87506-2195-4FA9-8E34-955609E059BC}.Debug|Any CPU.ActiveCfg = Debug|Any CPU
		{8CC87506-2195-4FA9-8E34-955609E059BC}.Debug|Any CPU.Build.0 = Debug|Any CPU
		{8CC87506-2195-4FA9-8E34-955609E059BC}.Release|Any CPU.ActiveCfg = Release|Any CPU
		{8CC87506-2195-4FA9-8E34-955609E059BC}.Release|Any CPU.Build.0 = Release|Any CPU
		{5A4FC938-ABAB-4B80-B046-641C4E94BD13}.Debug|Any CPU.ActiveCfg = Debug|Any CPU
		{5A4FC938-ABAB-4B80-B046-641C4E94BD13}.Debug|Any CPU.Build.0 = Debug|Any CPU
		{5A4FC938-ABAB-4B80-B046-641C4E94BD13}.Release|Any CPU.ActiveCfg = Release|Any CPU
		{5A4FC938-ABAB-4B80-B046-641C4E94BD13}.Release|Any CPU.Build.0 = Release|Any CPU
	EndGlobalSection
	GlobalSection(SolutionProperties) = preSolution
		HideSolutionNode = FALSE
	EndGlobalSection
	GlobalSection(NestedProjects) = preSolution
		{C28226D8-9EE6-4F56-983C-701601FF2F66} = {BC97309E-560C-4DFB-BDE4-342576B66706}
		{8CC87506-2195-4FA9-8E34-955609E059BC} = {BC97309E-560C-4DFB-BDE4-342576B66706}
		{5A4FC938-ABAB-4B80-B046-641C4E94BD13} = {BC97309E-560C-4DFB-BDE4-342576B66706}
	EndGlobalSection
	GlobalSection(ExtensibilityGlobals) = postSolution
		SolutionGuid = {686FD560-2275-4209-A3D9-7BFD12A17459}
	EndGlobalSection
EndGlobal
